// !$*UTF8*$!
{
	archiveVersion = 1;
	classes = {
	};
	objectVersion = 55;
	objects = {

/* Begin PBXBuildFile section */
		572C17362788EEF6009D442F /* ViewModel.swift in Sources */ = {isa = PBXBuildFile; fileRef = 572C17352788EEF6009D442F /* ViewModel.swift */; };
		572C173B2788F119009D442F /* Service.swift in Sources */ = {isa = PBXBuildFile; fileRef = 572C173A2788F119009D442F /* Service.swift */; };
		574A11B82788FBC200C41201 /* Registering.swift in Sources */ = {isa = PBXBuildFile; fileRef = 574A11B72788FBC200C41201 /* Registering.swift */; };
		574A11BB278901BE00C41201 /* Extension_Service.swift in Sources */ = {isa = PBXBuildFile; fileRef = 574A11BA278901BE00C41201 /* Extension_Service.swift */; };
		574A11BE278904B700C41201 /* TypesErrors.swift in Sources */ = {isa = PBXBuildFile; fileRef = 574A11BD278904B700C41201 /* TypesErrors.swift */; };
		574A11C32789FD9100C41201 /* SimilarMoviesTableViewCell.swift in Sources */ = {isa = PBXBuildFile; fileRef = 574A11C12789FD9100C41201 /* SimilarMoviesTableViewCell.swift */; };
		574A11C42789FD9100C41201 /* SimilarMoviesTableViewCell.xib in Resources */ = {isa = PBXBuildFile; fileRef = 574A11C22789FD9100C41201 /* SimilarMoviesTableViewCell.xib */; };
		574A11C9278A129900C41201 /* NetworkConstants.swift in Sources */ = {isa = PBXBuildFile; fileRef = 574A11C8278A129800C41201 /* NetworkConstants.swift */; };
		574A11CB278A229C00C41201 /* Extension_UITableView.swift in Sources */ = {isa = PBXBuildFile; fileRef = 574A11CA278A229B00C41201 /* Extension_UITableView.swift */; };
		574A11CD278A2D3C00C41201 /* Extension_String.swift in Sources */ = {isa = PBXBuildFile; fileRef = 574A11CC278A2D3B00C41201 /* Extension_String.swift */; };
		574A11D2278A72BB00C41201 /* MainMovieTableViewCell.swift in Sources */ = {isa = PBXBuildFile; fileRef = 574A11D0278A72BB00C41201 /* MainMovieTableViewCell.swift */; };
		574A11D3278A72BB00C41201 /* MainMovieTableViewCell.xib in Resources */ = {isa = PBXBuildFile; fileRef = 574A11D1278A72BB00C41201 /* MainMovieTableViewCell.xib */; };
		574A11DA278A796100C41201 /* BeVietnamPro-ExtraBold.ttf in Resources */ = {isa = PBXBuildFile; fileRef = 574A11D5278A796100C41201 /* BeVietnamPro-ExtraBold.ttf */; };
		574A11DB278A796100C41201 /* BeVietnamPro-Regular.ttf in Resources */ = {isa = PBXBuildFile; fileRef = 574A11D6278A796100C41201 /* BeVietnamPro-Regular.ttf */; };
		574A11DC278A796100C41201 /* BeVietnamPro-SemiBold.ttf in Resources */ = {isa = PBXBuildFile; fileRef = 574A11D7278A796100C41201 /* BeVietnamPro-SemiBold.ttf */; };
		574A11DD278A796100C41201 /* BeVietnamPro-Medium.ttf in Resources */ = {isa = PBXBuildFile; fileRef = 574A11D8278A796100C41201 /* BeVietnamPro-Medium.ttf */; };
		574A11DE278A796100C41201 /* BeVietnamPro-Black.ttf in Resources */ = {isa = PBXBuildFile; fileRef = 574A11D9278A796100C41201 /* BeVietnamPro-Black.ttf */; };
		574A11E4278B399A00C41201 /* Extra Functions.swift in Sources */ = {isa = PBXBuildFile; fileRef = 574A11E3278B399A00C41201 /* Extra Functions.swift */; };
		57F96DDA2788DAF20009794A /* AppDelegate.swift in Sources */ = {isa = PBXBuildFile; fileRef = 57F96DD92788DAF20009794A /* AppDelegate.swift */; };
		57F96DDC2788DAF20009794A /* SceneDelegate.swift in Sources */ = {isa = PBXBuildFile; fileRef = 57F96DDB2788DAF20009794A /* SceneDelegate.swift */; };
		57F96DDE2788DAF20009794A /* MainViewController.swift in Sources */ = {isa = PBXBuildFile; fileRef = 57F96DDD2788DAF20009794A /* MainViewController.swift */; };
		57F96DE12788DAF20009794A /* Main.storyboard in Resources */ = {isa = PBXBuildFile; fileRef = 57F96DDF2788DAF20009794A /* Main.storyboard */; };
		57F96DE32788DAF40009794A /* Assets.xcassets in Resources */ = {isa = PBXBuildFile; fileRef = 57F96DE22788DAF40009794A /* Assets.xcassets */; };
		57F96DE62788DAF40009794A /* LaunchScreen.storyboard in Resources */ = {isa = PBXBuildFile; fileRef = 57F96DE42788DAF40009794A /* LaunchScreen.storyboard */; };
		57F96DEF2788E1BE0009794A /* Movie.swift in Sources */ = {isa = PBXBuildFile; fileRef = 57F96DEE2788E1BE0009794A /* Movie.swift */; };
		E3D01BE0C17FBF54CC5CE573 /* Pods_Movie2You.framework in Frameworks */ = {isa = PBXBuildFile; fileRef = 95A218750C2B560F2DEFD4F5 /* Pods_Movie2You.framework */; };
/* End PBXBuildFile section */

/* Begin PBXFileReference section */
		572C17352788EEF6009D442F /* ViewModel.swift */ = {isa = PBXFileReference; lastKnownFileType = sourcecode.swift; path = ViewModel.swift; sourceTree = "<group>"; };
		572C173A2788F119009D442F /* Service.swift */ = {isa = PBXFileReference; lastKnownFileType = sourcecode.swift; path = Service.swift; sourceTree = "<group>"; };
		574A11B72788FBC200C41201 /* Registering.swift */ = {isa = PBXFileReference; lastKnownFileType = sourcecode.swift; path = Registering.swift; sourceTree = "<group>"; };
		574A11BA278901BE00C41201 /* Extension_Service.swift */ = {isa = PBXFileReference; lastKnownFileType = sourcecode.swift; path = Extension_Service.swift; sourceTree = "<group>"; };
		574A11BD278904B700C41201 /* TypesErrors.swift */ = {isa = PBXFileReference; lastKnownFileType = sourcecode.swift; path = TypesErrors.swift; sourceTree = "<group>"; };
		574A11C12789FD9100C41201 /* SimilarMoviesTableViewCell.swift */ = {isa = PBXFileReference; lastKnownFileType = sourcecode.swift; path = SimilarMoviesTableViewCell.swift; sourceTree = "<group>"; };
		574A11C22789FD9100C41201 /* SimilarMoviesTableViewCell.xib */ = {isa = PBXFileReference; lastKnownFileType = file.xib; path = SimilarMoviesTableViewCell.xib; sourceTree = "<group>"; };
		574A11C8278A129800C41201 /* NetworkConstants.swift */ = {isa = PBXFileReference; lastKnownFileType = sourcecode.swift; path = NetworkConstants.swift; sourceTree = "<group>"; };
		574A11CA278A229B00C41201 /* Extension_UITableView.swift */ = {isa = PBXFileReference; lastKnownFileType = sourcecode.swift; path = Extension_UITableView.swift; sourceTree = "<group>"; };
		574A11CC278A2D3B00C41201 /* Extension_String.swift */ = {isa = PBXFileReference; lastKnownFileType = sourcecode.swift; path = Extension_String.swift; sourceTree = "<group>"; };
		574A11D0278A72BB00C41201 /* MainMovieTableViewCell.swift */ = {isa = PBXFileReference; lastKnownFileType = sourcecode.swift; path = MainMovieTableViewCell.swift; sourceTree = "<group>"; };
		574A11D1278A72BB00C41201 /* MainMovieTableViewCell.xib */ = {isa = PBXFileReference; lastKnownFileType = file.xib; path = MainMovieTableViewCell.xib; sourceTree = "<group>"; };
		574A11D5278A796100C41201 /* BeVietnamPro-ExtraBold.ttf */ = {isa = PBXFileReference; lastKnownFileType = file; name = "BeVietnamPro-ExtraBold.ttf"; path = "../../../../../../Desktop/Be_Vietnam_Pro/BeVietnamPro-ExtraBold.ttf"; sourceTree = "<group>"; };
		574A11D6278A796100C41201 /* BeVietnamPro-Regular.ttf */ = {isa = PBXFileReference; lastKnownFileType = file; name = "BeVietnamPro-Regular.ttf"; path = "../../../../../../Desktop/Be_Vietnam_Pro/BeVietnamPro-Regular.ttf"; sourceTree = "<group>"; };
		574A11D7278A796100C41201 /* BeVietnamPro-SemiBold.ttf */ = {isa = PBXFileReference; lastKnownFileType = file; name = "BeVietnamPro-SemiBold.ttf"; path = "../../../../../../Desktop/Be_Vietnam_Pro/BeVietnamPro-SemiBold.ttf"; sourceTree = "<group>"; };
		574A11D8278A796100C41201 /* BeVietnamPro-Medium.ttf */ = {isa = PBXFileReference; lastKnownFileType = file; name = "BeVietnamPro-Medium.ttf"; path = "../../../../../../Desktop/Be_Vietnam_Pro/BeVietnamPro-Medium.ttf"; sourceTree = "<group>"; };
		574A11D9278A796100C41201 /* BeVietnamPro-Black.ttf */ = {isa = PBXFileReference; lastKnownFileType = file; name = "BeVietnamPro-Black.ttf"; path = "../../../../../../Desktop/Be_Vietnam_Pro/BeVietnamPro-Black.ttf"; sourceTree = "<group>"; };
		574A11E3278B399A00C41201 /* Extra Functions.swift */ = {isa = PBXFileReference; lastKnownFileType = sourcecode.swift; path = "Extra Functions.swift"; sourceTree = "<group>"; };
		57F96DD62788DAF20009794A /* Movie2You.app */ = {isa = PBXFileReference; explicitFileType = wrapper.application; includeInIndex = 0; path = Movie2You.app; sourceTree = BUILT_PRODUCTS_DIR; };
		57F96DD92788DAF20009794A /* AppDelegate.swift */ = {isa = PBXFileReference; lastKnownFileType = sourcecode.swift; path = AppDelegate.swift; sourceTree = "<group>"; };
		57F96DDB2788DAF20009794A /* SceneDelegate.swift */ = {isa = PBXFileReference; lastKnownFileType = sourcecode.swift; path = SceneDelegate.swift; sourceTree = "<group>"; };
		57F96DDD2788DAF20009794A /* MainViewController.swift */ = {isa = PBXFileReference; lastKnownFileType = sourcecode.swift; path = MainViewController.swift; sourceTree = "<group>"; };
		57F96DE02788DAF20009794A /* Base */ = {isa = PBXFileReference; lastKnownFileType = file.storyboard; name = Base; path = Base.lproj/Main.storyboard; sourceTree = "<group>"; };
		57F96DE22788DAF40009794A /* Assets.xcassets */ = {isa = PBXFileReference; lastKnownFileType = folder.assetcatalog; path = Assets.xcassets; sourceTree = "<group>"; };
		57F96DE52788DAF40009794A /* Base */ = {isa = PBXFileReference; lastKnownFileType = file.storyboard; name = Base; path = Base.lproj/LaunchScreen.storyboard; sourceTree = "<group>"; };
		57F96DE72788DAF40009794A /* Info.plist */ = {isa = PBXFileReference; lastKnownFileType = text.plist.xml; path = Info.plist; sourceTree = "<group>"; };
		57F96DEE2788E1BE0009794A /* Movie.swift */ = {isa = PBXFileReference; lastKnownFileType = sourcecode.swift; path = Movie.swift; sourceTree = "<group>"; };
		90BC71AEDC76496E05003D9D /* Pods-Movie2You.release.xcconfig */ = {isa = PBXFileReference; includeInIndex = 1; lastKnownFileType = text.xcconfig; name = "Pods-Movie2You.release.xcconfig"; path = "Target Support Files/Pods-Movie2You/Pods-Movie2You.release.xcconfig"; sourceTree = "<group>"; };
		95A218750C2B560F2DEFD4F5 /* Pods_Movie2You.framework */ = {isa = PBXFileReference; explicitFileType = wrapper.framework; includeInIndex = 0; path = Pods_Movie2You.framework; sourceTree = BUILT_PRODUCTS_DIR; };
		A30E07EC7FB25FF3B6F9431A /* Pods-Movie2You.debug.xcconfig */ = {isa = PBXFileReference; includeInIndex = 1; lastKnownFileType = text.xcconfig; name = "Pods-Movie2You.debug.xcconfig"; path = "Target Support Files/Pods-Movie2You/Pods-Movie2You.debug.xcconfig"; sourceTree = "<group>"; };
/* End PBXFileReference section */

/* Begin PBXFrameworksBuildPhase section */
		57F96DD32788DAF20009794A /* Frameworks */ = {
			isa = PBXFrameworksBuildPhase;
			buildActionMask = 2147483647;
			files = (
				E3D01BE0C17FBF54CC5CE573 /* Pods_Movie2You.framework in Frameworks */,
			);
			runOnlyForDeploymentPostprocessing = 0;
		};
/* End PBXFrameworksBuildPhase section */

/* Begin PBXGroup section */
		572C17342788EE91009D442F /* ViewModel */ = {
			isa = PBXGroup;
			children = (
				572C17352788EEF6009D442F /* ViewModel.swift */,
			);
			path = ViewModel;
			sourceTree = "<group>";
		};
		574A11B62788FBA500C41201 /* Registering */ = {
			isa = PBXGroup;
			children = (
				574A11B72788FBC200C41201 /* Registering.swift */,
			);
			path = Registering;
			sourceTree = "<group>";
		};
		574A11B92789019C00C41201 /* Extension */ = {
			isa = PBXGroup;
			children = (
				574A11BA278901BE00C41201 /* Extension_Service.swift */,
				574A11CA278A229B00C41201 /* Extension_UITableView.swift */,
				574A11CC278A2D3B00C41201 /* Extension_String.swift */,
			);
			path = Extension;
			sourceTree = "<group>";
		};
		574A11BC2789049F00C41201 /* Service */ = {
			isa = PBXGroup;
			children = (
				572C173A2788F119009D442F /* Service.swift */,
				574A11BD278904B700C41201 /* TypesErrors.swift */,
			);
			path = Service;
			sourceTree = "<group>";
		};
		574A11BF2789130A00C41201 /* View */ = {
			isa = PBXGroup;
			children = (
				57F96DDD2788DAF20009794A /* MainViewController.swift */,
				57F96DE42788DAF40009794A /* LaunchScreen.storyboard */,
				57F96DDF2788DAF20009794A /* Main.storyboard */,
				574A11C02789FD6500C41201 /* Cell */,
			);
			path = View;
			sourceTree = "<group>";
		};
		574A11C02789FD6500C41201 /* Cell */ = {
			isa = PBXGroup;
			children = (
				574A11CF278A729200C41201 /* MainMovie */,
				574A11CE278A727100C41201 /* SimilarMovie */,
			);
			path = Cell;
			sourceTree = "<group>";
		};
		574A11C7278A124200C41201 /* Support Files */ = {
			isa = PBXGroup;
			children = (
				574A11C8278A129800C41201 /* NetworkConstants.swift */,
				574A11E3278B399A00C41201 /* Extra Functions.swift */,
			);
			path = "Support Files";
			sourceTree = "<group>";
		};
		574A11CE278A727100C41201 /* SimilarMovie */ = {
			isa = PBXGroup;
			children = (
				574A11C12789FD9100C41201 /* SimilarMoviesTableViewCell.swift */,
				574A11C22789FD9100C41201 /* SimilarMoviesTableViewCell.xib */,
			);
			path = SimilarMovie;
			sourceTree = "<group>";
		};
		574A11CF278A729200C41201 /* MainMovie */ = {
			isa = PBXGroup;
			children = (
				574A11D0278A72BB00C41201 /* MainMovieTableViewCell.swift */,
				574A11D1278A72BB00C41201 /* MainMovieTableViewCell.xib */,
			);
			path = MainMovie;
			sourceTree = "<group>";
		};
		574A11D4278A78B200C41201 /* Fonts */ = {
			isa = PBXGroup;
			children = (
				574A11D9278A796100C41201 /* BeVietnamPro-Black.ttf */,
				574A11D5278A796100C41201 /* BeVietnamPro-ExtraBold.ttf */,
				574A11D8278A796100C41201 /* BeVietnamPro-Medium.ttf */,
				574A11D6278A796100C41201 /* BeVietnamPro-Regular.ttf */,
				574A11D7278A796100C41201 /* BeVietnamPro-SemiBold.ttf */,
			);
			path = Fonts;
			sourceTree = "<group>";
		};
		57F96DCD2788DAF20009794A = {
			isa = PBXGroup;
			children = (
				57F96DD82788DAF20009794A /* Movie2You */,
				57F96DD72788DAF20009794A /* Products */,
				B2E79E322802DE5449E17844 /* Pods */,
				E7F899E865FA97677BD1E4EC /* Frameworks */,
			);
			sourceTree = "<group>";
		};
		57F96DD72788DAF20009794A /* Products */ = {
			isa = PBXGroup;
			children = (
				57F96DD62788DAF20009794A /* Movie2You.app */,
			);
			name = Products;
			sourceTree = "<group>";
		};
		57F96DD82788DAF20009794A /* Movie2You */ = {
			isa = PBXGroup;
			children = (
				57F96DED2788E1520009794A /* Model */,
				572C17342788EE91009D442F /* ViewModel */,
				574A11BF2789130A00C41201 /* View */,
				574A11B62788FBA500C41201 /* Registering */,
				574A11BC2789049F00C41201 /* Service */,
				574A11B92789019C00C41201 /* Extension */,
				574A11C7278A124200C41201 /* Support Files */,
				57F96DE72788DAF40009794A /* Info.plist */,
				57F96DF12788E6AD0009794A /* Assets */,
				57F96DF02788E6930009794A /* Additional files */,
			);
			path = Movie2You;
			sourceTree = "<group>";
		};
		57F96DED2788E1520009794A /* Model */ = {
			isa = PBXGroup;
			children = (
				57F96DEE2788E1BE0009794A /* Movie.swift */,
			);
			path = Model;
			sourceTree = "<group>";
		};
		57F96DF02788E6930009794A /* Additional files */ = {
			isa = PBXGroup;
			children = (
				57F96DD92788DAF20009794A /* AppDelegate.swift */,
				57F96DDB2788DAF20009794A /* SceneDelegate.swift */,
				574A11D4278A78B200C41201 /* Fonts */,
			);
			path = "Additional files";
			sourceTree = "<group>";
		};
		57F96DF12788E6AD0009794A /* Assets */ = {
			isa = PBXGroup;
			children = (
				57F96DE22788DAF40009794A /* Assets.xcassets */,
			);
			path = Assets;
			sourceTree = "<group>";
		};
		B2E79E322802DE5449E17844 /* Pods */ = {
			isa = PBXGroup;
			children = (
				A30E07EC7FB25FF3B6F9431A /* Pods-Movie2You.debug.xcconfig */,
				90BC71AEDC76496E05003D9D /* Pods-Movie2You.release.xcconfig */,
			);
			path = Pods;
			sourceTree = "<group>";
		};
		E7F899E865FA97677BD1E4EC /* Frameworks */ = {
			isa = PBXGroup;
			children = (
				95A218750C2B560F2DEFD4F5 /* Pods_Movie2You.framework */,
			);
			name = Frameworks;
			sourceTree = "<group>";
		};
/* End PBXGroup section */

/* Begin PBXNativeTarget section */
		57F96DD52788DAF20009794A /* Movie2You */ = {
			isa = PBXNativeTarget;
			buildConfigurationList = 57F96DEA2788DAF40009794A /* Build configuration list for PBXNativeTarget "Movie2You" */;
			buildPhases = (
				089140BE522101D656512608 /* [CP] Check Pods Manifest.lock */,
				57F96DD22788DAF20009794A /* Sources */,
				57F96DD32788DAF20009794A /* Frameworks */,
				57F96DD42788DAF20009794A /* Resources */,
				27F78D176F0F2F0BE6291751 /* [CP] Embed Pods Frameworks */,
			);
			buildRules = (
			);
			dependencies = (
			);
			name = Movie2You;
			productName = Movie2You;
			productReference = 57F96DD62788DAF20009794A /* Movie2You.app */;
			productType = "com.apple.product-type.application";
		};
/* End PBXNativeTarget section */

/* Begin PBXProject section */
		57F96DCE2788DAF20009794A /* Project object */ = {
			isa = PBXProject;
			attributes = {
				BuildIndependentTargetsInParallel = 1;
				LastSwiftUpdateCheck = 1320;
				LastUpgradeCheck = 1320;
				TargetAttributes = {
					57F96DD52788DAF20009794A = {
						CreatedOnToolsVersion = 13.2.1;
					};
				};
			};
			buildConfigurationList = 57F96DD12788DAF20009794A /* Build configuration list for PBXProject "Movie2You" */;
			compatibilityVersion = "Xcode 13.0";
			developmentRegion = en;
			hasScannedForEncodings = 0;
			knownRegions = (
				en,
				Base,
			);
			mainGroup = 57F96DCD2788DAF20009794A;
			productRefGroup = 57F96DD72788DAF20009794A /* Products */;
			projectDirPath = "";
			projectRoot = "";
			targets = (
				57F96DD52788DAF20009794A /* Movie2You */,
			);
		};
/* End PBXProject section */

/* Begin PBXResourcesBuildPhase section */
		57F96DD42788DAF20009794A /* Resources */ = {
			isa = PBXResourcesBuildPhase;
			buildActionMask = 2147483647;
			files = (
				574A11D3278A72BB00C41201 /* MainMovieTableViewCell.xib in Resources */,
				57F96DE62788DAF40009794A /* LaunchScreen.storyboard in Resources */,
				574A11DB278A796100C41201 /* BeVietnamPro-Regular.ttf in Resources */,
				57F96DE32788DAF40009794A /* Assets.xcassets in Resources */,
				574A11DE278A796100C41201 /* BeVietnamPro-Black.ttf in Resources */,
				574A11C42789FD9100C41201 /* SimilarMoviesTableViewCell.xib in Resources */,
				574A11DC278A796100C41201 /* BeVietnamPro-SemiBold.ttf in Resources */,
				574A11DA278A796100C41201 /* BeVietnamPro-ExtraBold.ttf in Resources */,
				574A11DD278A796100C41201 /* BeVietnamPro-Medium.ttf in Resources */,
				57F96DE12788DAF20009794A /* Main.storyboard in Resources */,
			);
			runOnlyForDeploymentPostprocessing = 0;
		};
/* End PBXResourcesBuildPhase section */

/* Begin PBXShellScriptBuildPhase section */
		089140BE522101D656512608 /* [CP] Check Pods Manifest.lock */ = {
			isa = PBXShellScriptBuildPhase;
			buildActionMask = 2147483647;
			files = (
			);
			inputFileListPaths = (
			);
			inputPaths = (
				"${PODS_PODFILE_DIR_PATH}/Podfile.lock",
				"${PODS_ROOT}/Manifest.lock",
			);
			name = "[CP] Check Pods Manifest.lock";
			outputFileListPaths = (
			);
			outputPaths = (
				"$(DERIVED_FILE_DIR)/Pods-Movie2You-checkManifestLockResult.txt",
			);
			runOnlyForDeploymentPostprocessing = 0;
			shellPath = /bin/sh;
			shellScript = "diff \"${PODS_PODFILE_DIR_PATH}/Podfile.lock\" \"${PODS_ROOT}/Manifest.lock\" > /dev/null\nif [ $? != 0 ] ; then\n    # print error to STDERR\n    echo \"error: The sandbox is not in sync with the Podfile.lock. Run 'pod install' or update your CocoaPods installation.\" >&2\n    exit 1\nfi\n# This output is used by Xcode 'outputs' to avoid re-running this script phase.\necho \"SUCCESS\" > \"${SCRIPT_OUTPUT_FILE_0}\"\n";
			showEnvVarsInLog = 0;
		};
		27F78D176F0F2F0BE6291751 /* [CP] Embed Pods Frameworks */ = {
			isa = PBXShellScriptBuildPhase;
			buildActionMask = 2147483647;
			files = (
			);
			inputFileListPaths = (
				"${PODS_ROOT}/Target Support Files/Pods-Movie2You/Pods-Movie2You-frameworks-${CONFIGURATION}-input-files.xcfilelist",
			);
			name = "[CP] Embed Pods Frameworks";
			outputFileListPaths = (
				"${PODS_ROOT}/Target Support Files/Pods-Movie2You/Pods-Movie2You-frameworks-${CONFIGURATION}-output-files.xcfilelist",
			);
			runOnlyForDeploymentPostprocessing = 0;
			shellPath = /bin/sh;
			shellScript = "\"${PODS_ROOT}/Target Support Files/Pods-Movie2You/Pods-Movie2You-frameworks.sh\"\n";
			showEnvVarsInLog = 0;
		};
/* End PBXShellScriptBuildPhase section */

/* Begin PBXSourcesBuildPhase section */
		57F96DD22788DAF20009794A /* Sources */ = {
			isa = PBXSourcesBuildPhase;
			buildActionMask = 2147483647;
			files = (
				574A11E4278B399A00C41201 /* Extra Functions.swift in Sources */,
				574A11C9278A129900C41201 /* NetworkConstants.swift in Sources */,
				572C173B2788F119009D442F /* Service.swift in Sources */,
				574A11CD278A2D3C00C41201 /* Extension_String.swift in Sources */,
				574A11BB278901BE00C41201 /* Extension_Service.swift in Sources */,
				572C17362788EEF6009D442F /* ViewModel.swift in Sources */,
				57F96DEF2788E1BE0009794A /* Movie.swift in Sources */,
				57F96DDE2788DAF20009794A /* MainViewController.swift in Sources */,
				57F96DDA2788DAF20009794A /* AppDelegate.swift in Sources */,
				574A11CB278A229C00C41201 /* Extension_UITableView.swift in Sources */,
				574A11BE278904B700C41201 /* TypesErrors.swift in Sources */,
				57F96DDC2788DAF20009794A /* SceneDelegate.swift in Sources */,
				574A11D2278A72BB00C41201 /* MainMovieTableViewCell.swift in Sources */,
				574A11C32789FD9100C41201 /* SimilarMoviesTableViewCell.swift in Sources */,
				574A11B82788FBC200C41201 /* Registering.swift in Sources */,
			);
			runOnlyForDeploymentPostprocessing = 0;
		};
/* End PBXSourcesBuildPhase section */

/* Begin PBXVariantGroup section */
		57F96DDF2788DAF20009794A /* Main.storyboard */ = {
			isa = PBXVariantGroup;
			children = (
				57F96DE02788DAF20009794A /* Base */,
			);
			name = Main.storyboard;
			sourceTree = "<group>";
		};
		57F96DE42788DAF40009794A /* LaunchScreen.storyboard */ = {
			isa = PBXVariantGroup;
			children = (
				57F96DE52788DAF40009794A /* Base */,
			);
			name = LaunchScreen.storyboard;
			sourceTree = "<group>";
		};
/* End PBXVariantGroup section */

/* Begin XCBuildConfiguration section */
		57F96DE82788DAF40009794A /* Debug */ = {
			isa = XCBuildConfiguration;
			buildSettings = {
				ALWAYS_SEARCH_USER_PATHS = NO;
				CLANG_ANALYZER_NONNULL = YES;
				CLANG_ANALYZER_NUMBER_OBJECT_CONVERSION = YES_AGGRESSIVE;
				CLANG_CXX_LANGUAGE_STANDARD = "gnu++17";
				CLANG_CXX_LIBRARY = "libc++";
				CLANG_ENABLE_MODULES = YES;
				CLANG_ENABLE_OBJC_ARC = YES;
				CLANG_ENABLE_OBJC_WEAK = YES;
				CLANG_WARN_BLOCK_CAPTURE_AUTORELEASING = YES;
				CLANG_WARN_BOOL_CONVERSION = YES;
				CLANG_WARN_COMMA = YES;
				CLANG_WARN_CONSTANT_CONVERSION = YES;
				CLANG_WARN_DEPRECATED_OBJC_IMPLEMENTATIONS = YES;
				CLANG_WARN_DIRECT_OBJC_ISA_USAGE = YES_ERROR;
				CLANG_WARN_DOCUMENTATION_COMMENTS = YES;
				CLANG_WARN_EMPTY_BODY = YES;
				CLANG_WARN_ENUM_CONVERSION = YES;
				CLANG_WARN_INFINITE_RECURSION = YES;
				CLANG_WARN_INT_CONVERSION = YES;
				CLANG_WARN_NON_LITERAL_NULL_CONVERSION = YES;
				CLANG_WARN_OBJC_IMPLICIT_RETAIN_SELF = YES;
				CLANG_WARN_OBJC_LITERAL_CONVERSION = YES;
				CLANG_WARN_OBJC_ROOT_CLASS = YES_ERROR;
				CLANG_WARN_QUOTED_INCLUDE_IN_FRAMEWORK_HEADER = YES;
				CLANG_WARN_RANGE_LOOP_ANALYSIS = YES;
				CLANG_WARN_STRICT_PROTOTYPES = YES;
				CLANG_WARN_SUSPICIOUS_MOVE = YES;
				CLANG_WARN_UNGUARDED_AVAILABILITY = YES_AGGRESSIVE;
				CLANG_WARN_UNREACHABLE_CODE = YES;
				CLANG_WARN__DUPLICATE_METHOD_MATCH = YES;
				COPY_PHASE_STRIP = NO;
				DEBUG_INFORMATION_FORMAT = dwarf;
				ENABLE_STRICT_OBJC_MSGSEND = YES;
				ENABLE_TESTABILITY = YES;
				GCC_C_LANGUAGE_STANDARD = gnu11;
				GCC_DYNAMIC_NO_PIC = NO;
				GCC_NO_COMMON_BLOCKS = YES;
				GCC_OPTIMIZATION_LEVEL = 0;
				GCC_PREPROCESSOR_DEFINITIONS = (
					"DEBUG=1",
					"$(inherited)",
				);
				GCC_WARN_64_TO_32_BIT_CONVERSION = YES;
				GCC_WARN_ABOUT_RETURN_TYPE = YES_ERROR;
				GCC_WARN_UNDECLARED_SELECTOR = YES;
				GCC_WARN_UNINITIALIZED_AUTOS = YES_AGGRESSIVE;
				GCC_WARN_UNUSED_FUNCTION = YES;
				GCC_WARN_UNUSED_VARIABLE = YES;
				IPHONEOS_DEPLOYMENT_TARGET = 15.2;
				MTL_ENABLE_DEBUG_INFO = INCLUDE_SOURCE;
				MTL_FAST_MATH = YES;
				ONLY_ACTIVE_ARCH = YES;
				SDKROOT = iphoneos;
				SWIFT_ACTIVE_COMPILATION_CONDITIONS = DEBUG;
				SWIFT_OPTIMIZATION_LEVEL = "-Onone";
			};
			name = Debug;
		};
		57F96DE92788DAF40009794A /* Release */ = {
			isa = XCBuildConfiguration;
			buildSettings = {
				ALWAYS_SEARCH_USER_PATHS = NO;
				CLANG_ANALYZER_NONNULL = YES;
				CLANG_ANALYZER_NUMBER_OBJECT_CONVERSION = YES_AGGRESSIVE;
				CLANG_CXX_LANGUAGE_STANDARD = "gnu++17";
				CLANG_CXX_LIBRARY = "libc++";
				CLANG_ENABLE_MODULES = YES;
				CLANG_ENABLE_OBJC_ARC = YES;
				CLANG_ENABLE_OBJC_WEAK = YES;
				CLANG_WARN_BLOCK_CAPTURE_AUTORELEASING = YES;
				CLANG_WARN_BOOL_CONVERSION = YES;
				CLANG_WARN_COMMA = YES;
				CLANG_WARN_CONSTANT_CONVERSION = YES;
				CLANG_WARN_DEPRECATED_OBJC_IMPLEMENTATIONS = YES;
				CLANG_WARN_DIRECT_OBJC_ISA_USAGE = YES_ERROR;
				CLANG_WARN_DOCUMENTATION_COMMENTS = YES;
				CLANG_WARN_EMPTY_BODY = YES;
				CLANG_WARN_ENUM_CONVERSION = YES;
				CLANG_WARN_INFINITE_RECURSION = YES;
				CLANG_WARN_INT_CONVERSION = YES;
				CLANG_WARN_NON_LITERAL_NULL_CONVERSION = YES;
				CLANG_WARN_OBJC_IMPLICIT_RETAIN_SELF = YES;
				CLANG_WARN_OBJC_LITERAL_CONVERSION = YES;
				CLANG_WARN_OBJC_ROOT_CLASS = YES_ERROR;
				CLANG_WARN_QUOTED_INCLUDE_IN_FRAMEWORK_HEADER = YES;
				CLANG_WARN_RANGE_LOOP_ANALYSIS = YES;
				CLANG_WARN_STRICT_PROTOTYPES = YES;
				CLANG_WARN_SUSPICIOUS_MOVE = YES;
				CLANG_WARN_UNGUARDED_AVAILABILITY = YES_AGGRESSIVE;
				CLANG_WARN_UNREACHABLE_CODE = YES;
				CLANG_WARN__DUPLICATE_METHOD_MATCH = YES;
				COPY_PHASE_STRIP = NO;
				DEBUG_INFORMATION_FORMAT = "dwarf-with-dsym";
				ENABLE_NS_ASSERTIONS = NO;
				ENABLE_STRICT_OBJC_MSGSEND = YES;
				GCC_C_LANGUAGE_STANDARD = gnu11;
				GCC_NO_COMMON_BLOCKS = YES;
				GCC_WARN_64_TO_32_BIT_CONVERSION = YES;
				GCC_WARN_ABOUT_RETURN_TYPE = YES_ERROR;
				GCC_WARN_UNDECLARED_SELECTOR = YES;
				GCC_WARN_UNINITIALIZED_AUTOS = YES_AGGRESSIVE;
				GCC_WARN_UNUSED_FUNCTION = YES;
				GCC_WARN_UNUSED_VARIABLE = YES;
				IPHONEOS_DEPLOYMENT_TARGET = 15.2;
				MTL_ENABLE_DEBUG_INFO = NO;
				MTL_FAST_MATH = YES;
				SDKROOT = iphoneos;
				SWIFT_COMPILATION_MODE = wholemodule;
				SWIFT_OPTIMIZATION_LEVEL = "-O";
				VALIDATE_PRODUCT = YES;
			};
			name = Release;
		};
		57F96DEB2788DAF40009794A /* Debug */ = {
			isa = XCBuildConfiguration;
			baseConfigurationReference = A30E07EC7FB25FF3B6F9431A /* Pods-Movie2You.debug.xcconfig */;
			buildSettings = {
				ASSETCATALOG_COMPILER_APPICON_NAME = AppIcon;
				ASSETCATALOG_COMPILER_GLOBAL_ACCENT_COLOR_NAME = AccentColor;
				CODE_SIGN_STYLE = Automatic;
				CURRENT_PROJECT_VERSION = 1;
				DEVELOPMENT_TEAM = BQD43L5A49;
				GENERATE_INFOPLIST_FILE = YES;
				INFOPLIST_FILE = Movie2You/Info.plist;
				INFOPLIST_KEY_UIApplicationSupportsIndirectInputEvents = YES;
				INFOPLIST_KEY_UILaunchStoryboardName = LaunchScreen;
				INFOPLIST_KEY_UIMainStoryboardFile = Main;
				INFOPLIST_KEY_UISupportedInterfaceOrientations_iPad = "UIInterfaceOrientationPortrait UIInterfaceOrientationPortraitUpsideDown UIInterfaceOrientationLandscapeLeft UIInterfaceOrientationLandscapeRight";
				INFOPLIST_KEY_UISupportedInterfaceOrientations_iPhone = "UIInterfaceOrientationPortrait UIInterfaceOrientationLandscapeLeft UIInterfaceOrientationLandscapeRight";
				IPHONEOS_DEPLOYMENT_TARGET = 15.0;
				LD_RUNPATH_SEARCH_PATHS = (
					"$(inherited)",
					"@executable_path/Frameworks",
				);
				MARKETING_VERSION = 1.0;
				PRODUCT_BUNDLE_IDENTIFIER = mobileApp.Movie2You;
				PRODUCT_NAME = "$(TARGET_NAME)";
				SWIFT_EMIT_LOC_STRINGS = YES;
				SWIFT_VERSION = 5.0;
				TARGETED_DEVICE_FAMILY = "1,2";
			};
			name = Debug;
		};
		57F96DEC2788DAF40009794A /* Release */ = {
			isa = XCBuildConfiguration;
			baseConfigurationReference = 90BC71AEDC76496E05003D9D /* Pods-Movie2You.release.xcconfig */;
			buildSettings = {
				ASSETCATALOG_COMPILER_APPICON_NAME = AppIcon;
				ASSETCATALOG_COMPILER_GLOBAL_ACCENT_COLOR_NAME = AccentColor;
				CODE_SIGN_STYLE = Automatic;
				CURRENT_PROJECT_VERSION = 1;
				DEVELOPMENT_TEAM = BQD43L5A49;
				GENERATE_INFOPLIST_FILE = YES;
				INFOPLIST_FILE = Movie2You/Info.plist;
				INFOPLIST_KEY_UIApplicationSupportsIndirectInputEvents = YES;
				INFOPLIST_KEY_UILaunchStoryboardName = LaunchScreen;
				INFOPLIST_KEY_UIMainStoryboardFile = Main;
				INFOPLIST_KEY_UISupportedInterfaceOrientations_iPad = "UIInterfaceOrientationPortrait UIInterfaceOrientationPortraitUpsideDown UIInterfaceOrientationLandscapeLeft UIInterfaceOrientationLandscapeRight";
				INFOPLIST_KEY_UISupportedInterfaceOrientations_iPhone = "UIInterfaceOrientationPortrait UIInterfaceOrientationLandscapeLeft UIInterfaceOrientationLandscapeRight";
				IPHONEOS_DEPLOYMENT_TARGET = 15.0;
				LD_RUNPATH_SEARCH_PATHS = (
					"$(inherited)",
					"@executable_path/Frameworks",
				);
				MARKETING_VERSION = 1.0;
				PRODUCT_BUNDLE_IDENTIFIER = mobileApp.Movie2You;
				PRODUCT_NAME = "$(TARGET_NAME)";
				SWIFT_EMIT_LOC_STRINGS = YES;
				SWIFT_VERSION = 5.0;
				TARGETED_DEVICE_FAMILY = "1,2";
			};
			name = Release;
		};
/* End XCBuildConfiguration section */

/* Begin XCConfigurationList section */
		57F96DD12788DAF20009794A /* Build configuration list for PBXProject "Movie2You" */ = {
			isa = XCConfigurationList;
			buildConfigurations = (
				57F96DE82788DAF40009794A /* Debug */,
				57F96DE92788DAF40009794A /* Release */,
			);
			defaultConfigurationIsVisible = 0;
			defaultConfigurationName = Release;
		};
		57F96DEA2788DAF40009794A /* Build configuration list for PBXNativeTarget "Movie2You" */ = {
			isa = XCConfigurationList;
			buildConfigurations = (
				57F96DEB2788DAF40009794A /* Debug */,
				57F96DEC2788DAF40009794A /* Release */,
			);
			defaultConfigurationIsVisible = 0;
			defaultConfigurationName = Release;
		};
/* End XCConfigurationList section */
	};
	rootObject = 57F96DCE2788DAF20009794A /* Project object */;
}
